# Versiones exactas del entorno validado en la maquina de inferencia (2026-09-06).
# Generado con `pip freeze` sobre ~/sira-venv, el entorno con el que se midio el
# benchmark de docs/fase-6-benchmark.md.
#
# CUDA llega por wheels de pip (nvidia-*), no del CUDA del sistema: por eso la imagen
# puede partir de una base de Python limpia y solo necesita que el driver lo inyecte
# nvidia-container-toolkit.
#
# No regenerar a la ligera: cambiar tensorrt invalida los engines ya construidos, que
# llevan la version grabada en su sidecar y se validan al cargar.
annotated-doc==0.0.5
annotated-types==0.8.0
anyio==4.15.1
certifi==2026.7.22
charset-normalizer==3.5.1
click==8.5.0
cloudpickle==3.1.2
colorama==0.4.6
contourpy==1.3.3
cuda-bindings==13.3.1
cuda-core==1.0.1
cuda-pathfinder==1.8.1
cuda-python==13.3.1
cuda-toolkit==13.0.3.0
cycler==0.12.1
fastapi==0.141.1
filelock==3.32.5
flatbuffers==25.12.19
fonttools==4.64.0
fsspec==2026.7.0
h11==0.16.0
httpcore==1.0.9
httptools==0.8.0
httpx==0.28.1
idna==3.19
Jinja2==3.1.6
kiwisolver==1.5.1
MarkupSafe==3.0.3
matplotlib==3.11.1
ml_dtypes==0.6.0
mpmath==1.3.0
networkx==3.6.1
numpy==2.5.2
nvidia-cublas==13.1.1.3
nvidia-cuda-cupti==13.0.85
nvidia-cuda-nvrtc==13.0.88
nvidia-cuda-runtime==13.0.96
nvidia-cudnn-cu13==9.24.0.43
nvidia-cufft==12.0.0.61
nvidia-cufile==1.15.1.6
nvidia-curand==10.4.0.35
nvidia-cusolver==12.0.4.66
nvidia-cusparse==12.6.3.3
nvidia-cusparselt-cu13==0.8.1
nvidia-ml-py==13.610.43
nvidia-nccl-cu13==2.30.7
nvidia-nvjitlink==13.3.33
nvidia-nvshmem-cu13==3.4.5
nvidia-nvtx==13.0.85
onnx==1.22.0
onnxruntime==1.29.0
onnxslim==0.1.96
opencv-python==5.0.0.93
packaging==26.3
pillow==12.3.0
polars==1.44.1
polars-runtime-32==1.44.1
protobuf==7.36.1
psutil==7.2.2
pydantic==2.13.5
pydantic_core==2.46.5
pyparsing==3.3.2
python-dateutil==2.9.0.post0
python-dotenv==1.2.3
PyYAML==6.0.3
requests==2.34.2
setuptools==84.0.0
six==1.17.0
starlette==1.6.0
sympy==1.14.0
tensorrt==11.2.1.2
tensorrt_cu13==11.2.1.2
tensorrt_cu13_bindings==11.2.1.2
tensorrt_cu13_libs==11.2.1.2
torch==2.14.0
torchvision==0.29.0
triton==3.8.0
typing_extensions==4.16.0
typing-inspection==0.4.4
ultralytics==8.4.141
ultralytics-platform==0.1.21
ultralytics-thop==2.1.6
urllib3==2.7.0
uvicorn==0.52.4
uvloop==0.22.1
watchfiles==1.2.0
websockets==17.1
wheel==0.48.0
